// !$*UTF8*$!
{
	archiveVersion = 1;
	classes = {
	};
	objectVersion = 56;
	objects = {

/* Begin PBXBuildFile section */
		CE55E9E82C0642ED00F69397 /* TravelMagazine.storyboard in Resources */ = {isa = PBXBuildFile; fileRef = CE55E9E72C0642ED00F69397 /* TravelMagazine.storyboard */; };
		CE55E9EA2C0642FD00F69397 /* SearchRestaurant.storyboard in Resources */ = {isa = PBXBuildFile; fileRef = CE55E9E92C0642FD00F69397 /* SearchRestaurant.storyboard */; };
		CE55E9ED2C06446B00F69397 /* CitySpots.storyboard in Resources */ = {isa = PBXBuildFile; fileRef = CE55E9EC2C06446A00F69397 /* CitySpots.storyboard */; };
		CE55E9EF2C064D7B00F69397 /* CitySpotsViewController.swift in Sources */ = {isa = PBXBuildFile; fileRef = CE55E9EE2C064D7B00F69397 /* CitySpotsViewController.swift */; };
		CE55E9F22C064EB500F69397 /* CitySpotsTableViewCell.xib in Resources */ = {isa = PBXBuildFile; fileRef = CE55E9F12C064EB500F69397 /* CitySpotsTableViewCell.xib */; };
		CE55E9F32C064EB500F69397 /* CitySpotsTableViewCell.swift in Sources */ = {isa = PBXBuildFile; fileRef = CE55E9F02C064EB500F69397 /* CitySpotsTableViewCell.swift */; };
		CE55E9F52C064F7300F69397 /* CitySpot.swift in Sources */ = {isa = PBXBuildFile; fileRef = CE55E9F42C064F7300F69397 /* CitySpot.swift */; };
		CE55E9F82C0661A000F69397 /* AdTableViewCell.xib in Resources */ = {isa = PBXBuildFile; fileRef = CE55E9F72C0661A000F69397 /* AdTableViewCell.xib */; };
		CE55E9F92C0661A000F69397 /* AdTableViewCell.swift in Sources */ = {isa = PBXBuildFile; fileRef = CE55E9F62C0661A000F69397 /* AdTableViewCell.swift */; };
		CE64D5252C04A858006A14A7 /* DateFormatter+.swift in Sources */ = {isa = PBXBuildFile; fileRef = CE64D5242C04A858006A14A7 /* DateFormatter+.swift */; };
		CE64D5272C04AD92006A14A7 /* Restaurant.swift in Sources */ = {isa = PBXBuildFile; fileRef = CE64D5262C04AD91006A14A7 /* Restaurant.swift */; };
		CE64D52E2C04BB63006A14A7 /* RestaurantTableViewCell.xib in Resources */ = {isa = PBXBuildFile; fileRef = CE64D52D2C04BB63006A14A7 /* RestaurantTableViewCell.xib */; };
		CE64D52F2C04BB63006A14A7 /* RestaurantTableViewCell.swift in Sources */ = {isa = PBXBuildFile; fileRef = CE64D52C2C04BB63006A14A7 /* RestaurantTableViewCell.swift */; };
		CE64D5312C04BBB0006A14A7 /* RestaurantViewController.swift in Sources */ = {isa = PBXBuildFile; fileRef = CE64D5302C04BBB0006A14A7 /* RestaurantViewController.swift */; };
		CE693F422C03DA3200B77A20 /* AppDelegate.swift in Sources */ = {isa = PBXBuildFile; fileRef = CE693F412C03DA3200B77A20 /* AppDelegate.swift */; };
		CE693F442C03DA3200B77A20 /* SceneDelegate.swift in Sources */ = {isa = PBXBuildFile; fileRef = CE693F432C03DA3200B77A20 /* SceneDelegate.swift */; };
		CE693F492C03DA3200B77A20 /* Base in Resources */ = {isa = PBXBuildFile; fileRef = CE693F482C03DA3200B77A20 /* Base */; };
		CE693F4B2C03DA3400B77A20 /* Assets.xcassets in Resources */ = {isa = PBXBuildFile; fileRef = CE693F4A2C03DA3400B77A20 /* Assets.xcassets */; };
		CE693F4E2C03DA3400B77A20 /* Base in Resources */ = {isa = PBXBuildFile; fileRef = CE693F4D2C03DA3400B77A20 /* Base */; };
		CE693F562C03DE8900B77A20 /* Magazine.swift in Sources */ = {isa = PBXBuildFile; fileRef = CE693F552C03DE8900B77A20 /* Magazine.swift */; };
		CE693F592C03E35300B77A20 /* Kingfisher in Frameworks */ = {isa = PBXBuildFile; productRef = CE693F582C03E35300B77A20 /* Kingfisher */; };
		CE693F5B2C03E58A00B77A20 /* TravelMagazineTableViewController.swift in Sources */ = {isa = PBXBuildFile; fileRef = CE693F5A2C03E58A00B77A20 /* TravelMagazineTableViewController.swift */; };
		CE693F5D2C03E67A00B77A20 /* TravelMagazineTableViewCell.swift in Sources */ = {isa = PBXBuildFile; fileRef = CE693F5C2C03E67900B77A20 /* TravelMagazineTableViewCell.swift */; };
/* End PBXBuildFile section */

/* Begin PBXFileReference section */
		CE55E9E72C0642ED00F69397 /* TravelMagazine.storyboard */ = {isa = PBXFileReference; lastKnownFileType = file.storyboard; path = TravelMagazine.storyboard; sourceTree = "<group>"; };
		CE55E9E92C0642FD00F69397 /* SearchRestaurant.storyboard */ = {isa = PBXFileReference; lastKnownFileType = file.storyboard; path = SearchRestaurant.storyboard; sourceTree = "<group>"; };
		CE55E9EC2C06446A00F69397 /* CitySpots.storyboard */ = {isa = PBXFileReference; lastKnownFileType = file.storyboard; path = CitySpots.storyboard; sourceTree = "<group>"; };
		CE55E9EE2C064D7B00F69397 /* CitySpotsViewController.swift */ = {isa = PBXFileReference; lastKnownFileType = sourcecode.swift; path = CitySpotsViewController.swift; sourceTree = "<group>"; };
		CE55E9F02C064EB500F69397 /* CitySpotsTableViewCell.swift */ = {isa = PBXFileReference; lastKnownFileType = sourcecode.swift; path = CitySpotsTableViewCell.swift; sourceTree = "<group>"; };
		CE55E9F12C064EB500F69397 /* CitySpotsTableViewCell.xib */ = {isa = PBXFileReference; lastKnownFileType = file.xib; path = CitySpotsTableViewCell.xib; sourceTree = "<group>"; };
		CE55E9F42C064F7300F69397 /* CitySpot.swift */ = {isa = PBXFileReference; fileEncoding = 4; lastKnownFileType = sourcecode.swift; path = CitySpot.swift; sourceTree = "<group>"; };
		CE55E9F62C0661A000F69397 /* AdTableViewCell.swift */ = {isa = PBXFileReference; lastKnownFileType = sourcecode.swift; path = AdTableViewCell.swift; sourceTree = "<group>"; };
		CE55E9F72C0661A000F69397 /* AdTableViewCell.xib */ = {isa = PBXFileReference; lastKnownFileType = file.xib; path = AdTableViewCell.xib; sourceTree = "<group>"; };
		CE64D5242C04A858006A14A7 /* DateFormatter+.swift */ = {isa = PBXFileReference; lastKnownFileType = sourcecode.swift; path = "DateFormatter+.swift"; sourceTree = "<group>"; };
		CE64D5262C04AD91006A14A7 /* Restaurant.swift */ = {isa = PBXFileReference; fileEncoding = 4; lastKnownFileType = sourcecode.swift; path = Restaurant.swift; sourceTree = "<group>"; };
		CE64D52C2C04BB63006A14A7 /* RestaurantTableViewCell.swift */ = {isa = PBXFileReference; lastKnownFileType = sourcecode.swift; path = RestaurantTableViewCell.swift; sourceTree = "<group>"; };
		CE64D52D2C04BB63006A14A7 /* RestaurantTableViewCell.xib */ = {isa = PBXFileReference; lastKnownFileType = file.xib; path = RestaurantTableViewCell.xib; sourceTree = "<group>"; };
		CE64D5302C04BBB0006A14A7 /* RestaurantViewController.swift */ = {isa = PBXFileReference; lastKnownFileType = sourcecode.swift; path = RestaurantViewController.swift; sourceTree = "<group>"; };
		CE693F3E2C03DA3200B77A20 /* Travel.app */ = {isa = PBXFileReference; explicitFileType = wrapper.application; includeInIndex = 0; path = Travel.app; sourceTree = BUILT_PRODUCTS_DIR; };
		CE693F412C03DA3200B77A20 /* AppDelegate.swift */ = {isa = PBXFileReference; lastKnownFileType = sourcecode.swift; path = AppDelegate.swift; sourceTree = "<group>"; };
		CE693F432C03DA3200B77A20 /* SceneDelegate.swift */ = {isa = PBXFileReference; lastKnownFileType = sourcecode.swift; path = SceneDelegate.swift; sourceTree = "<group>"; };
		CE693F482C03DA3200B77A20 /* Base */ = {isa = PBXFileReference; lastKnownFileType = file.storyboard; name = Base; path = Base.lproj/Main.storyboard; sourceTree = "<group>"; };
		CE693F4A2C03DA3400B77A20 /* Assets.xcassets */ = {isa = PBXFileReference; lastKnownFileType = folder.assetcatalog; path = Assets.xcassets; sourceTree = "<group>"; };
		CE693F4D2C03DA3400B77A20 /* Base */ = {isa = PBXFileReference; lastKnownFileType = file.storyboard; name = Base; path = Base.lproj/LaunchScreen.storyboard; sourceTree = "<group>"; };
		CE693F4F2C03DA3400B77A20 /* Info.plist */ = {isa = PBXFileReference; lastKnownFileType = text.plist.xml; path = Info.plist; sourceTree = "<group>"; };
		CE693F552C03DE8900B77A20 /* Magazine.swift */ = {isa = PBXFileReference; lastKnownFileType = sourcecode.swift; path = Magazine.swift; sourceTree = "<group>"; };
		CE693F5A2C03E58A00B77A20 /* TravelMagazineTableViewController.swift */ = {isa = PBXFileReference; lastKnownFileType = sourcecode.swift; path = TravelMagazineTableViewController.swift; sourceTree = "<group>"; };
		CE693F5C2C03E67900B77A20 /* TravelMagazineTableViewCell.swift */ = {isa = PBXFileReference; lastKnownFileType = sourcecode.swift; path = TravelMagazineTableViewCell.swift; sourceTree = "<group>"; };
/* End PBXFileReference section */

/* Begin PBXFrameworksBuildPhase section */
		CE693F3B2C03DA3200B77A20 /* Frameworks */ = {
			isa = PBXFrameworksBuildPhase;
			buildActionMask = 2147483647;
			files = (
				CE693F592C03E35300B77A20 /* Kingfisher in Frameworks */,
			);
			runOnlyForDeploymentPostprocessing = 0;
		};
/* End PBXFrameworksBuildPhase section */

/* Begin PBXGroup section */
		CE55E9E22C05FF4300F69397 /* TravelMagazine */ = {
			isa = PBXGroup;
			children = (
				CE693F552C03DE8900B77A20 /* Magazine.swift */,
				CE693F5A2C03E58A00B77A20 /* TravelMagazineTableViewController.swift */,
				CE693F5C2C03E67900B77A20 /* TravelMagazineTableViewCell.swift */,
				CE55E9E72C0642ED00F69397 /* TravelMagazine.storyboard */,
			);
			path = TravelMagazine;
			sourceTree = "<group>";
		};
		CE55E9E32C06117600F69397 /* SearchRestaurant */ = {
			isa = PBXGroup;
			children = (
				CE64D5262C04AD91006A14A7 /* Restaurant.swift */,
				CE64D5302C04BBB0006A14A7 /* RestaurantViewController.swift */,
				CE64D52C2C04BB63006A14A7 /* RestaurantTableViewCell.swift */,
				CE64D52D2C04BB63006A14A7 /* RestaurantTableViewCell.xib */,
				CE55E9E92C0642FD00F69397 /* SearchRestaurant.storyboard */,
			);
			path = SearchRestaurant;
			sourceTree = "<group>";
		};
		CE55E9E42C0611D000F69397 /* Extension */ = {
			isa = PBXGroup;
			children = (
				CE64D5242C04A858006A14A7 /* DateFormatter+.swift */,
			);
			path = Extension;
			sourceTree = "<group>";
		};
		CE55E9E52C0611DB00F69397 /* App */ = {
			isa = PBXGroup;
			children = (
				CE693F412C03DA3200B77A20 /* AppDelegate.swift */,
				CE693F432C03DA3200B77A20 /* SceneDelegate.swift */,
			);
			path = App;
			sourceTree = "<group>";
		};
		CE55E9EB2C06444300F69397 /* CitySpots */ = {
			isa = PBXGroup;
			children = (
				CE55E9F42C064F7300F69397 /* CitySpot.swift */,
				CE55E9EE2C064D7B00F69397 /* CitySpotsViewController.swift */,
				CE55E9F02C064EB500F69397 /* CitySpotsTableViewCell.swift */,
				CE55E9F62C0661A000F69397 /* AdTableViewCell.swift */,
				CE55E9F12C064EB500F69397 /* CitySpotsTableViewCell.xib */,
				CE55E9F72C0661A000F69397 /* AdTableViewCell.xib */,
				CE55E9EC2C06446A00F69397 /* CitySpots.storyboard */,
			);
			path = CitySpots;
			sourceTree = "<group>";
		};
		CE693F352C03DA3200B77A20 = {
			isa = PBXGroup;
			children = (
				CE693F402C03DA3200B77A20 /* Travel */,
				CE693F3F2C03DA3200B77A20 /* Products */,
			);
			sourceTree = "<group>";
		};
		CE693F3F2C03DA3200B77A20 /* Products */ = {
			isa = PBXGroup;
			children = (
				CE693F3E2C03DA3200B77A20 /* Travel.app */,
			);
			name = Products;
			sourceTree = "<group>";
		};
		CE693F402C03DA3200B77A20 /* Travel */ = {
			isa = PBXGroup;
			children = (
				CE55E9E52C0611DB00F69397 /* App */,
				CE55E9E42C0611D000F69397 /* Extension */,
				CE55E9E22C05FF4300F69397 /* TravelMagazine */,
				CE55E9E32C06117600F69397 /* SearchRestaurant */,
				CE55E9EB2C06444300F69397 /* CitySpots */,
				CE693F472C03DA3200B77A20 /* Main.storyboard */,
				CE693F4A2C03DA3400B77A20 /* Assets.xcassets */,
				CE693F4C2C03DA3400B77A20 /* LaunchScreen.storyboard */,
				CE693F4F2C03DA3400B77A20 /* Info.plist */,
			);
			path = Travel;
			sourceTree = "<group>";
		};
/* End PBXGroup section */

/* Begin PBXNativeTarget section */
		CE693F3D2C03DA3200B77A20 /* Travel */ = {
			isa = PBXNativeTarget;
			buildConfigurationList = CE693F522C03DA3400B77A20 /* Build configuration list for PBXNativeTarget "Travel" */;
			buildPhases = (
				CE693F3A2C03DA3200B77A20 /* Sources */,
				CE693F3B2C03DA3200B77A20 /* Frameworks */,
				CE693F3C2C03DA3200B77A20 /* Resources */,
			);
			buildRules = (
			);
			dependencies = (
			);
			name = Travel;
			packageProductDependencies = (
				CE693F582C03E35300B77A20 /* Kingfisher */,
			);
			productName = Travel;
			productReference = CE693F3E2C03DA3200B77A20 /* Travel.app */;
			productType = "com.apple.product-type.application";
		};
/* End PBXNativeTarget section */

/* Begin PBXProject section */
		CE693F362C03DA3200B77A20 /* Project object */ = {
			isa = PBXProject;
			attributes = {
				BuildIndependentTargetsInParallel = 1;
				LastSwiftUpdateCheck = 1530;
				LastUpgradeCheck = 1530;
				TargetAttributes = {
					CE693F3D2C03DA3200B77A20 = {
						CreatedOnToolsVersion = 15.3;
					};
				};
			};
			buildConfigurationList = CE693F392C03DA3200B77A20 /* Build configuration list for PBXProject "Travel" */;
			compatibilityVersion = "Xcode 14.0";
			developmentRegion = en;
			hasScannedForEncodings = 0;
			knownRegions = (
				en,
				Base,
			);
			mainGroup = CE693F352C03DA3200B77A20;
			packageReferences = (
				CE693F572C03E35300B77A20 /* XCRemoteSwiftPackageReference "Kingfisher" */,
			);
			productRefGroup = CE693F3F2C03DA3200B77A20 /* Products */;
			projectDirPath = "";
			projectRoot = "";
			targets = (
				CE693F3D2C03DA3200B77A20 /* Travel */,
			);
		};
/* End PBXProject section */

/* Begin PBXResourcesBuildPhase section */
		CE693F3C2C03DA3200B77A20 /* Resources */ = {
			isa = PBXResourcesBuildPhase;
			buildActionMask = 2147483647;
			files = (
				CE55E9F22C064EB500F69397 /* CitySpotsTableViewCell.xib in Resources */,
				CE64D52E2C04BB63006A14A7 /* RestaurantTableViewCell.xib in Resources */,
				CE693F4B2C03DA3400B77A20 /* Assets.xcassets in Resources */,
				CE693F4E2C03DA3400B77A20 /* Base in Resources */,
				CE55E9EA2C0642FD00F69397 /* SearchRestaurant.storyboard in Resources */,
				CE55E9E82C0642ED00F69397 /* TravelMagazine.storyboard in Resources */,
				CE693F492C03DA3200B77A20 /* Base in Resources */,
				CE55E9ED2C06446B00F69397 /* CitySpots.storyboard in Resources */,
				CE55E9F82C0661A000F69397 /* AdTableViewCell.xib in Resources */,
			);
			runOnlyForDeploymentPostprocessing = 0;
		};
/* End PBXResourcesBuildPhase section */

/* Begin PBXSourcesBuildPhase section */
		CE693F3A2C03DA3200B77A20 /* Sources */ = {
			isa = PBXSourcesBuildPhase;
			buildActionMask = 2147483647;
			files = (
				CE64D5252C04A858006A14A7 /* DateFormatter+.swift in Sources */,
				CE693F562C03DE8900B77A20 /* Magazine.swift in Sources */,
				CE693F5D2C03E67A00B77A20 /* TravelMagazineTableViewCell.swift in Sources */,
				CE55E9F52C064F7300F69397 /* CitySpot.swift in Sources */,
				CE64D5272C04AD92006A14A7 /* Restaurant.swift in Sources */,
				CE64D5312C04BBB0006A14A7 /* RestaurantViewController.swift in Sources */,
				CE55E9EF2C064D7B00F69397 /* CitySpotsViewController.swift in Sources */,
				CE64D52F2C04BB63006A14A7 /* RestaurantTableViewCell.swift in Sources */,
				CE693F422C03DA3200B77A20 /* AppDelegate.swift in Sources */,
				CE55E9F92C0661A000F69397 /* AdTableViewCell.swift in Sources */,
				CE693F442C03DA3200B77A20 /* SceneDelegate.swift in Sources */,
				CE55E9F32C064EB500F69397 /* CitySpotsTableViewCell.swift in Sources */,
				CE693F5B2C03E58A00B77A20 /* TravelMagazineTableViewController.swift in Sources */,
			);
			runOnlyForDeploymentPostprocessing = 0;
		};
/* End PBXSourcesBuildPhase section */

/* Begin PBXVariantGroup section */
		CE693F472C03DA3200B77A20 /* Main.storyboard */ = {
			isa = PBXVariantGroup;
			children = (
				CE693F482C03DA3200B77A20 /* Base */,
			);
			name = Main.storyboard;
			sourceTree = "<group>";
		};
		CE693F4C2C03DA3400B77A20 /* LaunchScreen.storyboard */ = {
			isa = PBXVariantGroup;
			children = (
				CE693F4D2C03DA3400B77A20 /* Base */,
			);
			name = LaunchScreen.storyboard;
			sourceTree = "<group>";
		};
/* End PBXVariantGroup section */

/* Begin XCBuildConfiguration section */
		CE693F502C03DA3400B77A20 /* Debug */ = {
			isa = XCBuildConfiguration;
			buildSettings = {
				ALWAYS_SEARCH_USER_PATHS = NO;
				ASSETCATALOG_COMPILER_GENERATE_SWIFT_ASSET_SYMBOL_EXTENSIONS = YES;
				CLANG_ANALYZER_NONNULL = YES;
				CLANG_ANALYZER_NUMBER_OBJECT_CONVERSION = YES_AGGRESSIVE;
				CLANG_CXX_LANGUAGE_STANDARD = "gnu++20";
				CLANG_ENABLE_MODULES = YES;
				CLANG_ENABLE_OBJC_ARC = YES;
				CLANG_ENABLE_OBJC_WEAK = YES;
				CLANG_WARN_BLOCK_CAPTURE_AUTORELEASING = YES;
				CLANG_WARN_BOOL_CONVERSION = YES;
				CLANG_WARN_COMMA = YES;
				CLANG_WARN_CONSTANT_CONVERSION = YES;
				CLANG_WARN_DEPRECATED_OBJC_IMPLEMENTATIONS = YES;
				CLANG_WARN_DIRECT_OBJC_ISA_USAGE = YES_ERROR;
				CLANG_WARN_DOCUMENTATION_COMMENTS = YES;
				CLANG_WARN_EMPTY_BODY = YES;
				CLANG_WARN_ENUM_CONVERSION = YES;
				CLANG_WARN_INFINITE_RECURSION = YES;
				CLANG_WARN_INT_CONVERSION = YES;
				CLANG_WARN_NON_LITERAL_NULL_CONVERSION = YES;
				CLANG_WARN_OBJC_IMPLICIT_RETAIN_SELF = YES;
				CLANG_WARN_OBJC_LITERAL_CONVERSION = YES;
				CLANG_WARN_OBJC_ROOT_CLASS = YES_ERROR;
				CLANG_WARN_QUOTED_INCLUDE_IN_FRAMEWORK_HEADER = YES;
				CLANG_WARN_RANGE_LOOP_ANALYSIS = YES;
				CLANG_WARN_STRICT_PROTOTYPES = YES;
				CLANG_WARN_SUSPICIOUS_MOVE = YES;
				CLANG_WARN_UNGUARDED_AVAILABILITY = YES_AGGRESSIVE;
				CLANG_WARN_UNREACHABLE_CODE = YES;
				CLANG_WARN__DUPLICATE_METHOD_MATCH = YES;
				COPY_PHASE_STRIP = NO;
				DEBUG_INFORMATION_FORMAT = dwarf;
				ENABLE_STRICT_OBJC_MSGSEND = YES;
				ENABLE_TESTABILITY = YES;
				ENABLE_USER_SCRIPT_SANDBOXING = YES;
				GCC_C_LANGUAGE_STANDARD = gnu17;
				GCC_DYNAMIC_NO_PIC = NO;
				GCC_NO_COMMON_BLOCKS = YES;
				GCC_OPTIMIZATION_LEVEL = 0;
				GCC_PREPROCESSOR_DEFINITIONS = (
					"DEBUG=1",
					"$(inherited)",
				);
				GCC_WARN_64_TO_32_BIT_CONVERSION = YES;
				GCC_WARN_ABOUT_RETURN_TYPE = YES_ERROR;
				GCC_WARN_UNDECLARED_SELECTOR = YES;
				GCC_WARN_UNINITIALIZED_AUTOS = YES_AGGRESSIVE;
				GCC_WARN_UNUSED_FUNCTION = YES;
				GCC_WARN_UNUSED_VARIABLE = YES;
				IPHONEOS_DEPLOYMENT_TARGET = 17.4;
				LOCALIZATION_PREFERS_STRING_CATALOGS = YES;
				MTL_ENABLE_DEBUG_INFO = INCLUDE_SOURCE;
				MTL_FAST_MATH = YES;
				ONLY_ACTIVE_ARCH = YES;
				SDKROOT = iphoneos;
				SWIFT_ACTIVE_COMPILATION_CONDITIONS = "DEBUG $(inherited)";
				SWIFT_OPTIMIZATION_LEVEL = "-Onone";
			};
			name = Debug;
		};
		CE693F512C03DA3400B77A20 /* Release */ = {
			isa = XCBuildConfiguration;
			buildSettings = {
				ALWAYS_SEARCH_USER_PATHS = NO;
				ASSETCATALOG_COMPILER_GENERATE_SWIFT_ASSET_SYMBOL_EXTENSIONS = YES;
				CLANG_ANALYZER_NONNULL = YES;
				CLANG_ANALYZER_NUMBER_OBJECT_CONVERSION = YES_AGGRESSIVE;
				CLANG_CXX_LANGUAGE_STANDARD = "gnu++20";
				CLANG_ENABLE_MODULES = YES;
				CLANG_ENABLE_OBJC_ARC = YES;
				CLANG_ENABLE_OBJC_WEAK = YES;
				CLANG_WARN_BLOCK_CAPTURE_AUTORELEASING = YES;
				CLANG_WARN_BOOL_CONVERSION = YES;
				CLANG_WARN_COMMA = YES;
				CLANG_WARN_CONSTANT_CONVERSION = YES;
				CLANG_WARN_DEPRECATED_OBJC_IMPLEMENTATIONS = YES;
				CLANG_WARN_DIRECT_OBJC_ISA_USAGE = YES_ERROR;
				CLANG_WARN_DOCUMENTATION_COMMENTS = YES;
				CLANG_WARN_EMPTY_BODY = YES;
				CLANG_WARN_ENUM_CONVERSION = YES;
				CLANG_WARN_INFINITE_RECURSION = YES;
				CLANG_WARN_INT_CONVERSION = YES;
				CLANG_WARN_NON_LITERAL_NULL_CONVERSION = YES;
				CLANG_WARN_OBJC_IMPLICIT_RETAIN_SELF = YES;
				CLANG_WARN_OBJC_LITERAL_CONVERSION = YES;
				CLANG_WARN_OBJC_ROOT_CLASS = YES_ERROR;
				CLANG_WARN_QUOTED_INCLUDE_IN_FRAMEWORK_HEADER = YES;
				CLANG_WARN_RANGE_LOOP_ANALYSIS = YES;
				CLANG_WARN_STRICT_PROTOTYPES = YES;
				CLANG_WARN_SUSPICIOUS_MOVE = YES;
				CLANG_WARN_UNGUARDED_AVAILABILITY = YES_AGGRESSIVE;
				CLANG_WARN_UNREACHABLE_CODE = YES;
				CLANG_WARN__DUPLICATE_METHOD_MATCH = YES;
				COPY_PHASE_STRIP = NO;
				DEBUG_INFORMATION_FORMAT = "dwarf-with-dsym";
				ENABLE_NS_ASSERTIONS = NO;
				ENABLE_STRICT_OBJC_MSGSEND = YES;
				ENABLE_USER_SCRIPT_SANDBOXING = YES;
				GCC_C_LANGUAGE_STANDARD = gnu17;
				GCC_NO_COMMON_BLOCKS = YES;
				GCC_WARN_64_TO_32_BIT_CONVERSION = YES;
				GCC_WARN_ABOUT_RETURN_TYPE = YES_ERROR;
				GCC_WARN_UNDECLARED_SELECTOR = YES;
				GCC_WARN_UNINITIALIZED_AUTOS = YES_AGGRESSIVE;
				GCC_WARN_UNUSED_FUNCTION = YES;
				GCC_WARN_UNUSED_VARIABLE = YES;
				IPHONEOS_DEPLOYMENT_TARGET = 17.4;
				LOCALIZATION_PREFERS_STRING_CATALOGS = YES;
				MTL_ENABLE_DEBUG_INFO = NO;
				MTL_FAST_MATH = YES;
				SDKROOT = iphoneos;
				SWIFT_COMPILATION_MODE = wholemodule;
				VALIDATE_PRODUCT = YES;
			};
			name = Release;
		};
		CE693F532C03DA3400B77A20 /* Debug */ = {
			isa = XCBuildConfiguration;
			buildSettings = {
				ASSETCATALOG_COMPILER_APPICON_NAME = AppIcon;
				ASSETCATALOG_COMPILER_GLOBAL_ACCENT_COLOR_NAME = AccentColor;
				CODE_SIGN_STYLE = Automatic;
				CURRENT_PROJECT_VERSION = 1;
				DEVELOPMENT_TEAM = 3CHY8M792C;
				GENERATE_INFOPLIST_FILE = YES;
				INFOPLIST_FILE = Travel/Info.plist;
				INFOPLIST_KEY_UIApplicationSupportsIndirectInputEvents = YES;
				INFOPLIST_KEY_UILaunchStoryboardName = LaunchScreen;
				INFOPLIST_KEY_UIMainStoryboardFile = Main;
				INFOPLIST_KEY_UISupportedInterfaceOrientations_iPad = "UIInterfaceOrientationPortrait UIInterfaceOrientationPortraitUpsideDown UIInterfaceOrientationLandscapeLeft UIInterfaceOrientationLandscapeRight";
				INFOPLIST_KEY_UISupportedInterfaceOrientations_iPhone = "UIInterfaceOrientationPortrait UIInterfaceOrientationLandscapeLeft UIInterfaceOrientationLandscapeRight";
				IPHONEOS_DEPLOYMENT_TARGET = 16.0;
				LD_RUNPATH_SEARCH_PATHS = (
					"$(inherited)",
					"@executable_path/Frameworks",
				);
				MARKETING_VERSION = 1.0;
				PRODUCT_BUNDLE_IDENTIFIER = com.nero.Travel;
				PRODUCT_NAME = "$(TARGET_NAME)";
				SUPPORTED_PLATFORMS = "iphoneos iphonesimulator";
				SUPPORTS_MACCATALYST = NO;
				SUPPORTS_MAC_DESIGNED_FOR_IPHONE_IPAD = NO;
				SUPPORTS_XR_DESIGNED_FOR_IPHONE_IPAD = NO;
				SWIFT_EMIT_LOC_STRINGS = YES;
				SWIFT_VERSION = 5.0;
				TARGETED_DEVICE_FAMILY = 1;
			};
			name = Debug;
		};
		CE693F542C03DA3400B77A20 /* Release */ = {
			isa = XCBuildConfiguration;
			buildSettings = {
				ASSETCATALOG_COMPILER_APPICON_NAME = AppIcon;
				ASSETCATALOG_COMPILER_GLOBAL_ACCENT_COLOR_NAME = AccentColor;
				CODE_SIGN_STYLE = Automatic;
				CURRENT_PROJECT_VERSION = 1;
				DEVELOPMENT_TEAM = 3CHY8M792C;
				GENERATE_INFOPLIST_FILE = YES;
				INFOPLIST_FILE = Travel/Info.plist;
				INFOPLIST_KEY_UIApplicationSupportsIndirectInputEvents = YES;
				INFOPLIST_KEY_UILaunchStoryboardName = LaunchScreen;
				INFOPLIST_KEY_UIMainStoryboardFile = Main;
				INFOPLIST_KEY_UISupportedInterfaceOrientations_iPad = "UIInterfaceOrientationPortrait UIInterfaceOrientationPortraitUpsideDown UIInterfaceOrientationLandscapeLeft UIInterfaceOrientationLandscapeRight";
				INFOPLIST_KEY_UISupportedInterfaceOrientations_iPhone = "UIInterfaceOrientationPortrait UIInterfaceOrientationLandscapeLeft UIInterfaceOrientationLandscapeRight";
				IPHONEOS_DEPLOYMENT_TARGET = 16.0;
				LD_RUNPATH_SEARCH_PATHS = (
					"$(inherited)",
					"@executable_path/Frameworks",
				);
				MARKETING_VERSION = 1.0;
				PRODUCT_BUNDLE_IDENTIFIER = com.nero.Travel;
				PRODUCT_NAME = "$(TARGET_NAME)";
				SUPPORTED_PLATFORMS = "iphoneos iphonesimulator";
				SUPPORTS_MACCATALYST = NO;
				SUPPORTS_MAC_DESIGNED_FOR_IPHONE_IPAD = NO;
				SUPPORTS_XR_DESIGNED_FOR_IPHONE_IPAD = NO;
				SWIFT_EMIT_LOC_STRINGS = YES;
				SWIFT_VERSION = 5.0;
				TARGETED_DEVICE_FAMILY = 1;
			};
			name = Release;
		};
/* End XCBuildConfiguration section */

/* Begin XCConfigurationList section */
		CE693F392C03DA3200B77A20 /* Build configuration list for PBXProject "Travel" */ = {
			isa = XCConfigurationList;
			buildConfigurations = (
				CE693F502C03DA3400B77A20 /* Debug */,
				CE693F512C03DA3400B77A20 /* Release */,
			);
			defaultConfigurationIsVisible = 0;
			defaultConfigurationName = Release;
		};
		CE693F522C03DA3400B77A20 /* Build configuration list for PBXNativeTarget "Travel" */ = {
			isa = XCConfigurationList;
			buildConfigurations = (
				CE693F532C03DA3400B77A20 /* Debug */,
				CE693F542C03DA3400B77A20 /* Release */,
			);
			defaultConfigurationIsVisible = 0;
			defaultConfigurationName = Release;
		};
/* End XCConfigurationList section */

/* Begin XCRemoteSwiftPackageReference section */
		CE693F572C03E35300B77A20 /* XCRemoteSwiftPackageReference "Kingfisher" */ = {
			isa = XCRemoteSwiftPackageReference;
			repositoryURL = "https://github.com/onevcat/Kingfisher.git";
			requirement = {
				kind = upToNextMajorVersion;
				minimumVersion = 7.11.0;
			};
		};
/* End XCRemoteSwiftPackageReference section */

/* Begin XCSwiftPackageProductDependency section */
		CE693F582C03E35300B77A20 /* Kingfisher */ = {
			isa = XCSwiftPackageProductDependency;
			package = CE693F572C03E35300B77A20 /* XCRemoteSwiftPackageReference "Kingfisher" */;
			productName = Kingfisher;
		};
/* End XCSwiftPackageProductDependency section */
	};
	rootObject = CE693F362C03DA3200B77A20 /* Project object */;
}
